
Microsoft Visual Studio Solution File, Format Version 12.00
# Visual Studio Version 16
VisualStudioVersion = 16.0.31410.357
MinimumVisualStudioVersion = 10.0.40219.1
Project("{8BC9CEB8-8B4A-11D0-8D11-00A0C91BC942}") = "LeetCodeMergeKSortedLists", "LeetCodeMergeKSortedLists\LeetCodeMergeKSortedLists.vcxproj", "{C90CAC59-DED9-44B0-B704-B056C6B08B95}"
EndProject
Global
	GlobalSection(SolutionConfigurationPlatforms) = preSolution
		Debug|x64 = Debug|x64
		Debug|x86 = Debug|x86
		Release|x64 = Release|x64
		Release|x86 = Release|x86
	EndGlobalSection
	GlobalSection(ProjectConfigurationPlatforms) = postSolution
		{C90CAC59-DED9-44B0-B704-B056C6B08B95}.Debug|x64.ActiveCfg = Debug|x64
		{C90CAC59-DED9-44B0-B704-B056C6B08B95}.Debug|x64.Build.0 = Debug|x64
		{C90CAC59-DED9-44B0-B704-B056C6B08B95}.Debug|x86.ActiveCfg = Debug|Win32
		{C90CAC59-DED9-44B0-B704-B056C6B08B95}.Debug|x86.Build.0 = Debug|Win32
		{C90CAC59-DED9-44B0-B704-B056C6B08B95}.Release|x64.ActiveCfg = Release|x64
		{C90CAC59-DED9-44B0-B704-B056C6B08B95}.Release|x64.Build.0 = Release|x64
		{C90CAC59-DED9-44B0-B704-B056C6B08B95}.Release|x86.ActiveCfg = Release|Win32
		{C90CAC59-DED9-44B0-B704-B056C6B08B95}.Release|x86.Build.0 = Release|Win32
	EndGlobalSection
	GlobalSection(SolutionProperties) = preSolution
		HideSolutionNode = FALSE
	EndGlobalSection
	GlobalSection(ExtensibilityGlobals) = postSolution
		SolutionGuid = {FBF97B03-12AA-497D-95C6-88E3F226A2BD}
	EndGlobalSection
EndGlobal
